
Microsoft Visual Studio Solution File, Format Version 12.00
# Visual Studio Version 17
VisualStudioVersion = 17.9.34728.123
MinimumVisualStudioVersion = 10.0.40219.1
Project("{FAE04EC0-301F-11D3-BF4B-00C04F79EFBC}") = "MediathekArrDownloader", "MediathekArr\MediathekArrDownloader.csproj", "{325043A5-5585-4C48-B947-A1E69EAE8343}"
EndProject
Project("{FAE04EC0-301F-11D3-BF4B-00C04F79EFBC}") = "MediathekArrServer", "MediathekArrServer\MediathekArrServer.csproj", "{F6A03A18-04C6-4BC1-8969-A8BADDD64718}"
EndProject
Project("{FAE04EC0-301F-11D3-BF4B-00C04F79EFBC}") = "MediathekArrLib", "MediathekArrLib\MediathekArrLib.csproj", "{E6785AB3-92DA-4DF8-8EAC-362BD3DE8AE2}"
EndProject
Project("{2150E333-8FDC-42A3-9474-1A3956D46DE8}") = "Solution Items", "Solution Items", "{02EA681E-C7D8-13C7-8484-4AC65E1B71E8}"
	ProjectSection(SolutionItems) = preProject
		.env.example = .env.example
		.gitattributes = .gitattributes
		.gitignore = .gitignore
		build_and_push_docker_image.bat = build_and_push_docker_image.bat
		docker-compose.yml = docker-compose.yml
		Dockerfile = Dockerfile
		docker_start.sh = docker_start.sh
		LICENSE = LICENSE
		README.md = README.md
	EndProjectSection
EndProject
Project("{FAE04EC0-301F-11D3-BF4B-00C04F79EFBC}") = "TvdbClient", "TvdbClient\TvdbClient.csproj", "{02CB1507-5FF6-9962-1A70-EC35D9E298ED}"
EndProject
Project("{FAE04EC0-301F-11D3-BF4B-00C04F79EFBC}") = "TvdbClient.Tests", "TvdbClient.Tests\TvdbClient.Tests.csproj", "{E72AACA8-0A10-E62A-E526-41B75B6E6348}"
EndProject
Project("{FAE04EC0-301F-11D3-BF4B-00C04F79EFBC}") = "MediathekArrApi", "MediathekArrApi\MediathekArrApi.csproj", "{76940B5C-D6C2-6D63-3331-14A720E13EE1}"
EndProject
Project("{FAE04EC0-301F-11D3-BF4B-00C04F79EFBC}") = "MediathekArrApi.Tests", "MediathekArrApi.Tests\MediathekArrApi.Tests.csproj", "{C3F6E6E6-51EF-5018-6735-3268D2DB0ACC}"
EndProject
Project("{FAE04EC0-301F-11D3-BF4B-00C04F79EFBC}") = "MediathekArrLib.Tests", "MediathekArrLib.Tests\MediathekArrLib.Tests.csproj", "{A93E9861-6B44-1222-F7C2-CA4234CBC12D}"
EndProject
Global
	GlobalSection(SolutionConfigurationPlatforms) = preSolution
		Debug|Any CPU = Debug|Any CPU
		Release|Any CPU = Release|Any CPU
	EndGlobalSection
	GlobalSection(ProjectConfigurationPlatforms) = postSolution
		{325043A5-5585-4C48-B947-A1E69EAE8343}.Debug|Any CPU.ActiveCfg = Debug|Any CPU
		{325043A5-5585-4C48-B947-A1E69EAE8343}.Debug|Any CPU.Build.0 = Debug|Any CPU
		{325043A5-5585-4C48-B947-A1E69EAE8343}.Release|Any CPU.ActiveCfg = Release|Any CPU
		{325043A5-5585-4C48-B947-A1E69EAE8343}.Release|Any CPU.Build.0 = Release|Any CPU
		{F6A03A18-04C6-4BC1-8969-A8BADDD64718}.Debug|Any CPU.ActiveCfg = Debug|Any CPU
		{F6A03A18-04C6-4BC1-8969-A8BADDD64718}.Debug|Any CPU.Build.0 = Debug|Any CPU
		{F6A03A18-04C6-4BC1-8969-A8BADDD64718}.Release|Any CPU.ActiveCfg = Release|Any CPU
		{F6A03A18-04C6-4BC1-8969-A8BADDD64718}.Release|Any CPU.Build.0 = Release|Any CPU
		{E6785AB3-92DA-4DF8-8EAC-362BD3DE8AE2}.Debug|Any CPU.ActiveCfg = Debug|Any CPU
		{E6785AB3-92DA-4DF8-8EAC-362BD3DE8AE2}.Debug|Any CPU.Build.0 = Debug|Any CPU
		{E6785AB3-92DA-4DF8-8EAC-362BD3DE8AE2}.Release|Any CPU.ActiveCfg = Release|Any CPU
		{E6785AB3-92DA-4DF8-8EAC-362BD3DE8AE2}.Release|Any CPU.Build.0 = Release|Any CPU
		{02CB1507-5FF6-9962-1A70-EC35D9E298ED}.Debug|Any CPU.ActiveCfg = Debug|Any CPU
		{02CB1507-5FF6-9962-1A70-EC35D9E298ED}.Debug|Any CPU.Build.0 = Debug|Any CPU
		{02CB1507-5FF6-9962-1A70-EC35D9E298ED}.Release|Any CPU.ActiveCfg = Release|Any CPU
		{02CB1507-5FF6-9962-1A70-EC35D9E298ED}.Release|Any CPU.Build.0 = Release|Any CPU
		{E72AACA8-0A10-E62A-E526-41B75B6E6348}.Debug|Any CPU.ActiveCfg = Debug|Any CPU
		{E72AACA8-0A10-E62A-E526-41B75B6E6348}.Debug|Any CPU.Build.0 = Debug|Any CPU
		{E72AACA8-0A10-E62A-E526-41B75B6E6348}.Release|Any CPU.ActiveCfg = Release|Any CPU
		{E72AACA8-0A10-E62A-E526-41B75B6E6348}.Release|Any CPU.Build.0 = Release|Any CPU
		{76940B5C-D6C2-6D63-3331-14A720E13EE1}.Debug|Any CPU.ActiveCfg = Debug|Any CPU
		{76940B5C-D6C2-6D63-3331-14A720E13EE1}.Debug|Any CPU.Build.0 = Debug|Any CPU
		{76940B5C-D6C2-6D63-3331-14A720E13EE1}.Release|Any CPU.ActiveCfg = Release|Any CPU
		{76940B5C-D6C2-6D63-3331-14A720E13EE1}.Release|Any CPU.Build.0 = Release|Any CPU
		{C3F6E6E6-51EF-5018-6735-3268D2DB0ACC}.Debug|Any CPU.ActiveCfg = Debug|Any CPU
		{C3F6E6E6-51EF-5018-6735-3268D2DB0ACC}.Debug|Any CPU.Build.0 = Debug|Any CPU
		{C3F6E6E6-51EF-5018-6735-3268D2DB0ACC}.Release|Any CPU.ActiveCfg = Release|Any CPU
		{C3F6E6E6-51EF-5018-6735-3268D2DB0ACC}.Release|Any CPU.Build.0 = Release|Any CPU
		{A93E9861-6B44-1222-F7C2-CA4234CBC12D}.Debug|Any CPU.ActiveCfg = Debug|Any CPU
		{A93E9861-6B44-1222-F7C2-CA4234CBC12D}.Debug|Any CPU.Build.0 = Debug|Any CPU
		{A93E9861-6B44-1222-F7C2-CA4234CBC12D}.Release|Any CPU.ActiveCfg = Release|Any CPU
		{A93E9861-6B44-1222-F7C2-CA4234CBC12D}.Release|Any CPU.Build.0 = Release|Any CPU
	EndGlobalSection
	GlobalSection(SolutionProperties) = preSolution
		HideSolutionNode = FALSE
	EndGlobalSection
	GlobalSection(ExtensibilityGlobals) = postSolution
		SolutionGuid = {F9EB85C0-479B-49B9-92A6-79FF03690BCA}
	EndGlobalSection
EndGlobal
